
Microsoft Visual Studio Solution File, Format Version 12.00
# Visual Studio Version 17
VisualStudioVersion = 17.3.32901.215
MinimumVisualStudioVersion = 10.0.40219.1
Project("{FAE04EC0-301F-11D3-BF4B-00C04F79EFBC}") = "if-dongu-toplama", "if-dongu-toplama\if-dongu-toplama.csproj", "{289B7BB1-E127-49D8-BFDA-89C155AE0C13}"
EndProject
Global
	GlobalSection(SolutionConfigurationPlatforms) = preSolution
		Debug|Any CPU = Debug|Any CPU
		Release|Any CPU = Release|Any CPU
	EndGlobalSection
	GlobalSection(ProjectConfigurationPlatforms) = postSolution
		{289B7BB1-E127-49D8-BFDA-89C155AE0C13}.Debug|Any CPU.ActiveCfg = Debug|Any CPU
		{289B7BB1-E127-49D8-BFDA-89C155AE0C13}.Debug|Any CPU.Build.0 = Debug|Any CPU
		{289B7BB1-E127-49D8-BFDA-89C155AE0C13}.Release|Any CPU.ActiveCfg = Release|Any CPU
		{289B7BB1-E127-49D8-BFDA-89C155AE0C13}.Release|Any CPU.Build.0 = Release|Any CPU
	EndGlobalSection
	GlobalSection(SolutionProperties) = preSolution
		HideSolutionNode = FALSE
	EndGlobalSection
	GlobalSection(ExtensibilityGlobals) = postSolution
		SolutionGuid = {B516B207-BDF0-40EB-BB50-3786E752B4FB}
	EndGlobalSection
EndGlobal
